
Microsoft Visual Studio Solution File, Format Version 12.00
# Visual Studio Version 16
VisualStudioVersion = 16.0.32602.291
MinimumVisualStudioVersion = 10.0.40219.1
Project("{FAE04EC0-301F-11D3-BF4B-00C04F79EFBC}") = "AplikacijaGET", "AplikacijaGET\AplikacijaGET.csproj", "{5A9BF868-96A2-42A1-98B1-1165D1D09A31}"
EndProject
Global
	GlobalSection(SolutionConfigurationPlatforms) = preSolution
		Debug|Any CPU = Debug|Any CPU
		Release|Any CPU = Release|Any CPU
	EndGlobalSection
	GlobalSection(ProjectConfigurationPlatforms) = postSolution
		{5A9BF868-96A2-42A1-98B1-1165D1D09A31}.Debug|Any CPU.ActiveCfg = Debug|Any CPU
		{5A9BF868-96A2-42A1-98B1-1165D1D09A31}.Debug|Any CPU.Build.0 = Debug|Any CPU
		{5A9BF868-96A2-42A1-98B1-1165D1D09A31}.Release|Any CPU.ActiveCfg = Release|Any CPU
		{5A9BF868-96A2-42A1-98B1-1165D1D09A31}.Release|Any CPU.Build.0 = Release|Any CPU
	EndGlobalSection
	GlobalSection(SolutionProperties) = preSolution
		HideSolutionNode = FALSE
	EndGlobalSection
	GlobalSection(ExtensibilityGlobals) = postSolution
		SolutionGuid = {A4D1CF5D-C709-4483-89A8-CA93B275EB3E}
	EndGlobalSection
EndGlobal
